
Microsoft Visual Studio Solution File, Format Version 12.00
# Visual Studio Version 17
VisualStudioVersion = 17.2.32519.379
MinimumVisualStudioVersion = 10.0.40219.1
Project("{9A19103F-16F7-4668-BE54-9A1E7A4F7556}") = "DesignPatterns", "DesignPatterns\DesignPatterns.csproj", "{C22F7DED-F8A2-4CBC-B23F-84087377D273}"
EndProject
Project("{9A19103F-16F7-4668-BE54-9A1E7A4F7556}") = "StrategyPattern", "IntroToDesignPatterns\StrategyPattern.csproj", "{E02A1671-399E-4B33-8682-1F4CB1F6AAB9}"
EndProject
Project("{9A19103F-16F7-4668-BE54-9A1E7A4F7556}") = "ObserverPattern", "Observer Pattern\ObserverPattern.csproj", "{FCFD107B-3466-4CA3-AE2C-3941D5EAECAA}"
EndProject
Project("{9A19103F-16F7-4668-BE54-9A1E7A4F7556}") = "DecoratorPattern", "DecoratorPattern\DecoratorPattern.csproj", "{5AB358B0-40FB-4B9C-A2DE-AC6BE50AF40A}"
EndProject
Project("{9A19103F-16F7-4668-BE54-9A1E7A4F7556}") = "FactoryPattern", "FactoryPattern\FactoryPattern.csproj", "{BE81C526-B0DF-4F98-B778-415E6E7204FA}"
EndProject
Project("{2150E333-8FDC-42A3-9474-1A3956D46DE8}") = "Solution Items", "Solution Items", "{AC4C71C1-4444-49A3-86F2-E9A4F2338F62}"
	ProjectSection(SolutionItems) = preProject
		.editorconfig = .editorconfig
	EndProjectSection
EndProject
Project("{9A19103F-16F7-4668-BE54-9A1E7A4F7556}") = "SingletonPattern", "SingletonPattern\SingletonPattern.csproj", "{C205E2D5-6083-450E-AD89-029A75BC0428}"
EndProject
Project("{9A19103F-16F7-4668-BE54-9A1E7A4F7556}") = "CommandPattern", "CommandPattern\CommandPattern.csproj", "{106C0637-F382-4DE0-9157-CC8D78AD8446}"
EndProject
Project("{9A19103F-16F7-4668-BE54-9A1E7A4F7556}") = "AdapterPattern", "AdapterPattern\AdapterPattern.csproj", "{6DD4EC4A-A3F0-449E-9457-E80CE927AE31}"
EndProject
Project("{9A19103F-16F7-4668-BE54-9A1E7A4F7556}") = "FacadePattern", "FacadePattern\FacadePattern.csproj", "{1A48813E-6297-44CF-B26B-0C54F40D2FD3}"
EndProject
Project("{FAE04EC0-301F-11D3-BF4B-00C04F79EFBC}") = "ProxyPattern", "ProxyPattern\ProxyPattern.csproj", "{D6076359-885A-45B1-9F38-E670482F9C2D}"
EndProject
Global
	GlobalSection(SolutionConfigurationPlatforms) = preSolution
		Debug|Any CPU = Debug|Any CPU
		Debug|x64 = Debug|x64
		Debug|x86 = Debug|x86
		Release|Any CPU = Release|Any CPU
		Release|x64 = Release|x64
		Release|x86 = Release|x86
	EndGlobalSection
	GlobalSection(ProjectConfigurationPlatforms) = postSolution
		{C22F7DED-F8A2-4CBC-B23F-84087377D273}.Debug|Any CPU.ActiveCfg = Debug|Any CPU
		{C22F7DED-F8A2-4CBC-B23F-84087377D273}.Debug|Any CPU.Build.0 = Debug|Any CPU
		{C22F7DED-F8A2-4CBC-B23F-84087377D273}.Debug|x64.ActiveCfg = Debug|Any CPU
		{C22F7DED-F8A2-4CBC-B23F-84087377D273}.Debug|x64.Build.0 = Debug|Any CPU
		{C22F7DED-F8A2-4CBC-B23F-84087377D273}.Debug|x86.ActiveCfg = Debug|Any CPU
		{C22F7DED-F8A2-4CBC-B23F-84087377D273}.Debug|x86.Build.0 = Debug|Any CPU
		{C22F7DED-F8A2-4CBC-B23F-84087377D273}.Release|Any CPU.ActiveCfg = Release|Any CPU
		{C22F7DED-F8A2-4CBC-B23F-84087377D273}.Release|Any CPU.Build.0 = Release|Any CPU
		{C22F7DED-F8A2-4CBC-B23F-84087377D273}.Release|x64.ActiveCfg = Release|Any CPU
		{C22F7DED-F8A2-4CBC-B23F-84087377D273}.Release|x64.Build.0 = Release|Any CPU
		{C22F7DED-F8A2-4CBC-B23F-84087377D273}.Release|x86.ActiveCfg = Release|Any CPU
		{C22F7DED-F8A2-4CBC-B23F-84087377D273}.Release|x86.Build.0 = Release|Any CPU
		{E02A1671-399E-4B33-8682-1F4CB1F6AAB9}.Debug|Any CPU.ActiveCfg = Debug|Any CPU
		{E02A1671-399E-4B33-8682-1F4CB1F6AAB9}.Debug|Any CPU.Build.0 = Debug|Any CPU
		{E02A1671-399E-4B33-8682-1F4CB1F6AAB9}.Debug|x64.ActiveCfg = Debug|Any CPU
		{E02A1671-399E-4B33-8682-1F4CB1F6AAB9}.Debug|x64.Build.0 = Debug|Any CPU
		{E02A1671-399E-4B33-8682-1F4CB1F6AAB9}.Debug|x86.ActiveCfg = Debug|Any CPU
		{E02A1671-399E-4B33-8682-1F4CB1F6AAB9}.Debug|x86.Build.0 = Debug|Any CPU
		{E02A1671-399E-4B33-8682-1F4CB1F6AAB9}.Release|Any CPU.ActiveCfg = Release|Any CPU
		{E02A1671-399E-4B33-8682-1F4CB1F6AAB9}.Release|Any CPU.Build.0 = Release|Any CPU
		{E02A1671-399E-4B33-8682-1F4CB1F6AAB9}.Release|x64.ActiveCfg = Release|Any CPU
		{E02A1671-399E-4B33-8682-1F4CB1F6AAB9}.Release|x64.Build.0 = Release|Any CPU
		{E02A1671-399E-4B33-8682-1F4CB1F6AAB9}.Release|x86.ActiveCfg = Release|Any CPU
		{E02A1671-399E-4B33-8682-1F4CB1F6AAB9}.Release|x86.Build.0 = Release|Any CPU
		{FCFD107B-3466-4CA3-AE2C-3941D5EAECAA}.Debug|Any CPU.ActiveCfg = Debug|Any CPU
		{FCFD107B-3466-4CA3-AE2C-3941D5EAECAA}.Debug|Any CPU.Build.0 = Debug|Any CPU
		{FCFD107B-3466-4CA3-AE2C-3941D5EAECAA}.Debug|x64.ActiveCfg = Debug|Any CPU
		{FCFD107B-3466-4CA3-AE2C-3941D5EAECAA}.Debug|x64.Build.0 = Debug|Any CPU
		{FCFD107B-3466-4CA3-AE2C-3941D5EAECAA}.Debug|x86.ActiveCfg = Debug|Any CPU
		{FCFD107B-3466-4CA3-AE2C-3941D5EAECAA}.Debug|x86.Build.0 = Debug|Any CPU
		{FCFD107B-3466-4CA3-AE2C-3941D5EAECAA}.Release|Any CPU.ActiveCfg = Release|Any CPU
		{FCFD107B-3466-4CA3-AE2C-3941D5EAECAA}.Release|Any CPU.Build.0 = Release|Any CPU
		{FCFD107B-3466-4CA3-AE2C-3941D5EAECAA}.Release|x64.ActiveCfg = Release|Any CPU
		{FCFD107B-3466-4CA3-AE2C-3941D5EAECAA}.Release|x64.Build.0 = Release|Any CPU
		{FCFD107B-3466-4CA3-AE2C-3941D5EAECAA}.Release|x86.ActiveCfg = Release|Any CPU
		{FCFD107B-3466-4CA3-AE2C-3941D5EAECAA}.Release|x86.Build.0 = Release|Any CPU
		{5AB358B0-40FB-4B9C-A2DE-AC6BE50AF40A}.Debug|Any CPU.ActiveCfg = Debug|Any CPU
		{5AB358B0-40FB-4B9C-A2DE-AC6BE50AF40A}.Debug|Any CPU.Build.0 = Debug|Any CPU
		{5AB358B0-40FB-4B9C-A2DE-AC6BE50AF40A}.Debug|x64.ActiveCfg = Debug|Any CPU
		{5AB358B0-40FB-4B9C-A2DE-AC6BE50AF40A}.Debug|x64.Build.0 = Debug|Any CPU
		{5AB358B0-40FB-4B9C-A2DE-AC6BE50AF40A}.Debug|x86.ActiveCfg = Debug|Any CPU
		{5AB358B0-40FB-4B9C-A2DE-AC6BE50AF40A}.Debug|x86.Build.0 = Debug|Any CPU
		{5AB358B0-40FB-4B9C-A2DE-AC6BE50AF40A}.Release|Any CPU.ActiveCfg = Release|Any CPU
		{5AB358B0-40FB-4B9C-A2DE-AC6BE50AF40A}.Release|Any CPU.Build.0 = Release|Any CPU
		{5AB358B0-40FB-4B9C-A2DE-AC6BE50AF40A}.Release|x64.ActiveCfg = Release|Any CPU
		{5AB358B0-40FB-4B9C-A2DE-AC6BE50AF40A}.Release|x64.Build.0 = Release|Any CPU
		{5AB358B0-40FB-4B9C-A2DE-AC6BE50AF40A}.Release|x86.ActiveCfg = Release|Any CPU
		{5AB358B0-40FB-4B9C-A2DE-AC6BE50AF40A}.Release|x86.Build.0 = Release|Any CPU
		{BE81C526-B0DF-4F98-B778-415E6E7204FA}.Debug|Any CPU.ActiveCfg = Debug|Any CPU
		{BE81C526-B0DF-4F98-B778-415E6E7204FA}.Debug|Any CPU.Build.0 = Debug|Any CPU
		{BE81C526-B0DF-4F98-B778-415E6E7204FA}.Debug|x64.ActiveCfg = Debug|Any CPU
		{BE81C526-B0DF-4F98-B778-415E6E7204FA}.Debug|x64.Build.0 = Debug|Any CPU
		{BE81C526-B0DF-4F98-B778-415E6E7204FA}.Debug|x86.ActiveCfg = Debug|Any CPU
		{BE81C526-B0DF-4F98-B778-415E6E7204FA}.Debug|x86.Build.0 = Debug|Any CPU
		{BE81C526-B0DF-4F98-B778-415E6E7204FA}.Release|Any CPU.ActiveCfg = Release|Any CPU
		{BE81C526-B0DF-4F98-B778-415E6E7204FA}.Release|Any CPU.Build.0 = Release|Any CPU
		{BE81C526-B0DF-4F98-B778-415E6E7204FA}.Release|x64.ActiveCfg = Release|Any CPU
		{BE81C526-B0DF-4F98-B778-415E6E7204FA}.Release|x64.Build.0 = Release|Any CPU
		{BE81C526-B0DF-4F98-B778-415E6E7204FA}.Release|x86.ActiveCfg = Release|Any CPU
		{BE81C526-B0DF-4F98-B778-415E6E7204FA}.Release|x86.Build.0 = Release|Any CPU
		{C205E2D5-6083-450E-AD89-029A75BC0428}.Debug|Any CPU.ActiveCfg = Debug|Any CPU
		{C205E2D5-6083-450E-AD89-029A75BC0428}.Debug|Any CPU.Build.0 = Debug|Any CPU
		{C205E2D5-6083-450E-AD89-029A75BC0428}.Debug|x64.ActiveCfg = Debug|Any CPU
		{C205E2D5-6083-450E-AD89-029A75BC0428}.Debug|x64.Build.0 = Debug|Any CPU
		{C205E2D5-6083-450E-AD89-029A75BC0428}.Debug|x86.ActiveCfg = Debug|Any CPU
		{C205E2D5-6083-450E-AD89-029A75BC0428}.Debug|x86.Build.0 = Debug|Any CPU
		{C205E2D5-6083-450E-AD89-029A75BC0428}.Release|Any CPU.ActiveCfg = Release|Any CPU
		{C205E2D5-6083-450E-AD89-029A75BC0428}.Release|Any CPU.Build.0 = Release|Any CPU
		{C205E2D5-6083-450E-AD89-029A75BC0428}.Release|x64.ActiveCfg = Release|Any CPU
		{C205E2D5-6083-450E-AD89-029A75BC0428}.Release|x64.Build.0 = Release|Any CPU
		{C205E2D5-6083-450E-AD89-029A75BC0428}.Release|x86.ActiveCfg = Release|Any CPU
		{C205E2D5-6083-450E-AD89-029A75BC0428}.Release|x86.Build.0 = Release|Any CPU
		{106C0637-F382-4DE0-9157-CC8D78AD8446}.Debug|Any CPU.ActiveCfg = Debug|Any CPU
		{106C0637-F382-4DE0-9157-CC8D78AD8446}.Debug|Any CPU.Build.0 = Debug|Any CPU
		{106C0637-F382-4DE0-9157-CC8D78AD8446}.Debug|x64.ActiveCfg = Debug|Any CPU
		{106C0637-F382-4DE0-9157-CC8D78AD8446}.Debug|x64.Build.0 = Debug|Any CPU
		{106C0637-F382-4DE0-9157-CC8D78AD8446}.Debug|x86.ActiveCfg = Debug|Any CPU
		{106C0637-F382-4DE0-9157-CC8D78AD8446}.Debug|x86.Build.0 = Debug|Any CPU
		{106C0637-F382-4DE0-9157-CC8D78AD8446}.Release|Any CPU.ActiveCfg = Release|Any CPU
		{106C0637-F382-4DE0-9157-CC8D78AD8446}.Release|Any CPU.Build.0 = Release|Any CPU
		{106C0637-F382-4DE0-9157-CC8D78AD8446}.Release|x64.ActiveCfg = Release|Any CPU
		{106C0637-F382-4DE0-9157-CC8D78AD8446}.Release|x64.Build.0 = Release|Any CPU
		{106C0637-F382-4DE0-9157-CC8D78AD8446}.Release|x86.ActiveCfg = Release|Any CPU
		{106C0637-F382-4DE0-9157-CC8D78AD8446}.Release|x86.Build.0 = Release|Any CPU
		{6DD4EC4A-A3F0-449E-9457-E80CE927AE31}.Debug|Any CPU.ActiveCfg = Debug|Any CPU
		{6DD4EC4A-A3F0-449E-9457-E80CE927AE31}.Debug|Any CPU.Build.0 = Debug|Any CPU
		{6DD4EC4A-A3F0-449E-9457-E80CE927AE31}.Debug|x64.ActiveCfg = Debug|Any CPU
		{6DD4EC4A-A3F0-449E-9457-E80CE927AE31}.Debug|x64.Build.0 = Debug|Any CPU
		{6DD4EC4A-A3F0-449E-9457-E80CE927AE31}.Debug|x86.ActiveCfg = Debug|Any CPU
		{6DD4EC4A-A3F0-449E-9457-E80CE927AE31}.Debug|x86.Build.0 = Debug|Any CPU
		{6DD4EC4A-A3F0-449E-9457-E80CE927AE31}.Release|Any CPU.ActiveCfg = Release|Any CPU
		{6DD4EC4A-A3F0-449E-9457-E80CE927AE31}.Release|Any CPU.Build.0 = Release|Any CPU
		{6DD4EC4A-A3F0-449E-9457-E80CE927AE31}.Release|x64.ActiveCfg = Release|Any CPU
		{6DD4EC4A-A3F0-449E-9457-E80CE927AE31}.Release|x64.Build.0 = Release|Any CPU
		{6DD4EC4A-A3F0-449E-9457-E80CE927AE31}.Release|x86.ActiveCfg = Release|Any CPU
		{6DD4EC4A-A3F0-449E-9457-E80CE927AE31}.Release|x86.Build.0 = Release|Any CPU
		{1A48813E-6297-44CF-B26B-0C54F40D2FD3}.Debug|Any CPU.ActiveCfg = Debug|Any CPU
		{1A48813E-6297-44CF-B26B-0C54F40D2FD3}.Debug|Any CPU.Build.0 = Debug|Any CPU
		{1A48813E-6297-44CF-B26B-0C54F40D2FD3}.Debug|x64.ActiveCfg = Debug|Any CPU
		{1A48813E-6297-44CF-B26B-0C54F40D2FD3}.Debug|x64.Build.0 = Debug|Any CPU
		{1A48813E-6297-44CF-B26B-0C54F40D2FD3}.Debug|x86.ActiveCfg = Debug|Any CPU
		{1A48813E-6297-44CF-B26B-0C54F40D2FD3}.Debug|x86.Build.0 = Debug|Any CPU
		{1A48813E-6297-44CF-B26B-0C54F40D2FD3}.Release|Any CPU.ActiveCfg = Release|Any CPU
		{1A48813E-6297-44CF-B26B-0C54F40D2FD3}.Release|Any CPU.Build.0 = Release|Any CPU
		{1A48813E-6297-44CF-B26B-0C54F40D2FD3}.Release|x64.ActiveCfg = Release|Any CPU
		{1A48813E-6297-44CF-B26B-0C54F40D2FD3}.Release|x64.Build.0 = Release|Any CPU
		{1A48813E-6297-44CF-B26B-0C54F40D2FD3}.Release|x86.ActiveCfg = Release|Any CPU
		{1A48813E-6297-44CF-B26B-0C54F40D2FD3}.Release|x86.Build.0 = Release|Any CPU
		{D6076359-885A-45B1-9F38-E670482F9C2D}.Debug|Any CPU.ActiveCfg = Debug|Any CPU
		{D6076359-885A-45B1-9F38-E670482F9C2D}.Debug|Any CPU.Build.0 = Debug|Any CPU
		{D6076359-885A-45B1-9F38-E670482F9C2D}.Debug|x64.ActiveCfg = Debug|Any CPU
		{D6076359-885A-45B1-9F38-E670482F9C2D}.Debug|x64.Build.0 = Debug|Any CPU
		{D6076359-885A-45B1-9F38-E670482F9C2D}.Debug|x86.ActiveCfg = Debug|Any CPU
		{D6076359-885A-45B1-9F38-E670482F9C2D}.Debug|x86.Build.0 = Debug|Any CPU
		{D6076359-885A-45B1-9F38-E670482F9C2D}.Release|Any CPU.ActiveCfg = Release|Any CPU
		{D6076359-885A-45B1-9F38-E670482F9C2D}.Release|Any CPU.Build.0 = Release|Any CPU
		{D6076359-885A-45B1-9F38-E670482F9C2D}.Release|x64.ActiveCfg = Release|Any CPU
		{D6076359-885A-45B1-9F38-E670482F9C2D}.Release|x64.Build.0 = Release|Any CPU
		{D6076359-885A-45B1-9F38-E670482F9C2D}.Release|x86.ActiveCfg = Release|Any CPU
		{D6076359-885A-45B1-9F38-E670482F9C2D}.Release|x86.Build.0 = Release|Any CPU
	EndGlobalSection
	GlobalSection(SolutionProperties) = preSolution
		HideSolutionNode = FALSE
	EndGlobalSection
	GlobalSection(ExtensibilityGlobals) = postSolution
		SolutionGuid = {F3663C5E-5D1D-4D33-9412-6F7CB4A2E95D}
	EndGlobalSection
EndGlobal
